
Microsoft Visual Studio Solution File, Format Version 12.00
# Visual Studio Version 16
VisualStudioVersion = 16.0.31019.35
MinimumVisualStudioVersion = 10.0.40219.1
Project("{FAE04EC0-301F-11D3-BF4B-00C04F79EFBC}") = "ServerConfigForm-P5-20190140128", "ServerConfigForm-P5-20190140128\ServerConfigForm-P5-20190140128.csproj", "{75425F44-491D-4D8D-B5CE-DCE680237416}"
EndProject
Global
	GlobalSection(SolutionConfigurationPlatforms) = preSolution
		Debug|Any CPU = Debug|Any CPU
		Release|Any CPU = Release|Any CPU
	EndGlobalSection
	GlobalSection(ProjectConfigurationPlatforms) = postSolution
		{75425F44-491D-4D8D-B5CE-DCE680237416}.Debug|Any CPU.ActiveCfg = Debug|Any CPU
		{75425F44-491D-4D8D-B5CE-DCE680237416}.Debug|Any CPU.Build.0 = Debug|Any CPU
		{75425F44-491D-4D8D-B5CE-DCE680237416}.Release|Any CPU.ActiveCfg = Release|Any CPU
		{75425F44-491D-4D8D-B5CE-DCE680237416}.Release|Any CPU.Build.0 = Release|Any CPU
	EndGlobalSection
	GlobalSection(SolutionProperties) = preSolution
		HideSolutionNode = FALSE
	EndGlobalSection
	GlobalSection(ExtensibilityGlobals) = postSolution
		SolutionGuid = {8DED4B78-724D-4C05-BDB5-F36B812FB568}
	EndGlobalSection
EndGlobal
